// !$*UTF8*$!
{
	archiveVersion = 1;
	classes = {
	};
	objectVersion = 46;
	objects = {

/* Begin PBXBuildFile section */
		CF8042D01DBE4773009CF20B /* AppDelegate.swift in Sources */ = {isa = PBXBuildFile; fileRef = CF8042CF1DBE4773009CF20B /* AppDelegate.swift */; };
		CF8042D71DBE4773009CF20B /* Assets.xcassets in Resources */ = {isa = PBXBuildFile; fileRef = CF8042D61DBE4773009CF20B /* Assets.xcassets */; };
		CF8042DA1DBE4773009CF20B /* LaunchScreen.storyboard in Resources */ = {isa = PBXBuildFile; fileRef = CF8042D81DBE4773009CF20B /* LaunchScreen.storyboard */; };
		CF8042E61DBE47AC009CF20B /* Main.storyboard in Resources */ = {isa = PBXBuildFile; fileRef = CF8042E11DBE47AC009CF20B /* Main.storyboard */; };
		CF8042E71DBE47AC009CF20B /* MZDownloadManagerViewController.swift in Sources */ = {isa = PBXBuildFile; fileRef = CF8042E21DBE47AC009CF20B /* MZDownloadManagerViewController.swift */; };
		CF8042E81DBE47AC009CF20B /* MZDownloadedViewController.swift in Sources */ = {isa = PBXBuildFile; fileRef = CF8042E31DBE47AC009CF20B /* MZDownloadedViewController.swift */; };
		CF8042E91DBE47AC009CF20B /* MZAvailableDownloadsViewController.swift in Sources */ = {isa = PBXBuildFile; fileRef = CF8042E41DBE47AC009CF20B /* MZAvailableDownloadsViewController.swift */; };
		CF8042EA1DBE47AC009CF20B /* MZDownloadingCell.swift in Sources */ = {isa = PBXBuildFile; fileRef = CF8042E51DBE47AC009CF20B /* MZDownloadingCell.swift */; };
		CF8042F01DBE47E4009CF20B /* MZDownloadManager.swift in Sources */ = {isa = PBXBuildFile; fileRef = CF8042ED1DBE47E4009CF20B /* MZDownloadManager.swift */; };
		CF8042F11DBE47E4009CF20B /* MZDownloadModel.swift in Sources */ = {isa = PBXBuildFile; fileRef = CF8042EE1DBE47E4009CF20B /* MZDownloadModel.swift */; };
		CF8042F21DBE47E4009CF20B /* MZUtility.swift in Sources */ = {isa = PBXBuildFile; fileRef = CF8042EF1DBE47E4009CF20B /* MZUtility.swift */; };
/* End PBXBuildFile section */

/* Begin PBXFileReference section */
		CF8042CC1DBE4772009CF20B /* MJDownloader.app */ = {isa = PBXFileReference; explicitFileType = wrapper.application; includeInIndex = 0; path = MJDownloader.app; sourceTree = BUILT_PRODUCTS_DIR; };
		CF8042CF1DBE4773009CF20B /* AppDelegate.swift */ = {isa = PBXFileReference; lastKnownFileType = sourcecode.swift; path = AppDelegate.swift; sourceTree = "<group>"; };
		CF8042D61DBE4773009CF20B /* Assets.xcassets */ = {isa = PBXFileReference; lastKnownFileType = folder.assetcatalog; path = Assets.xcassets; sourceTree = "<group>"; };
		CF8042D91DBE4773009CF20B /* Base */ = {isa = PBXFileReference; lastKnownFileType = file.storyboard; name = Base; path = Base.lproj/LaunchScreen.storyboard; sourceTree = "<group>"; };
		CF8042DB1DBE4773009CF20B /* Info.plist */ = {isa = PBXFileReference; lastKnownFileType = text.plist.xml; path = Info.plist; sourceTree = "<group>"; };
		CF8042E11DBE47AC009CF20B /* Main.storyboard */ = {isa = PBXFileReference; fileEncoding = 4; lastKnownFileType = file.storyboard; path = Main.storyboard; sourceTree = "<group>"; };
		CF8042E21DBE47AC009CF20B /* MZDownloadManagerViewController.swift */ = {isa = PBXFileReference; fileEncoding = 4; lastKnownFileType = sourcecode.swift; path = MZDownloadManagerViewController.swift; sourceTree = "<group>"; };
		CF8042E31DBE47AC009CF20B /* MZDownloadedViewController.swift */ = {isa = PBXFileReference; fileEncoding = 4; lastKnownFileType = sourcecode.swift; path = MZDownloadedViewController.swift; sourceTree = "<group>"; };
		CF8042E41DBE47AC009CF20B /* MZAvailableDownloadsViewController.swift */ = {isa = PBXFileReference; fileEncoding = 4; lastKnownFileType = sourcecode.swift; path = MZAvailableDownloadsViewController.swift; sourceTree = "<group>"; };
		CF8042E51DBE47AC009CF20B /* MZDownloadingCell.swift */ = {isa = PBXFileReference; fileEncoding = 4; lastKnownFileType = sourcecode.swift; path = MZDownloadingCell.swift; sourceTree = "<group>"; };
		CF8042ED1DBE47E4009CF20B /* MZDownloadManager.swift */ = {isa = PBXFileReference; fileEncoding = 4; lastKnownFileType = sourcecode.swift; path = MZDownloadManager.swift; sourceTree = "<group>"; };
		CF8042EE1DBE47E4009CF20B /* MZDownloadModel.swift */ = {isa = PBXFileReference; fileEncoding = 4; lastKnownFileType = sourcecode.swift; path = MZDownloadModel.swift; sourceTree = "<group>"; };
		CF8042EF1DBE47E4009CF20B /* MZUtility.swift */ = {isa = PBXFileReference; fileEncoding = 4; lastKnownFileType = sourcecode.swift; path = MZUtility.swift; sourceTree = "<group>"; };
/* End PBXFileReference section */

/* Begin PBXFrameworksBuildPhase section */
		CF8042C91DBE4772009CF20B /* Frameworks */ = {
			isa = PBXFrameworksBuildPhase;
			buildActionMask = 2147483647;
			files = (
			);
			runOnlyForDeploymentPostprocessing = 0;
		};
/* End PBXFrameworksBuildPhase section */

/* Begin PBXGroup section */
		CF8042C31DBE4772009CF20B = {
			isa = PBXGroup;
			children = (
				CF8042CE1DBE4773009CF20B /* MJDownloader */,
				CF8042CD1DBE4772009CF20B /* Products */,
			);
			sourceTree = "<group>";
		};
		CF8042CD1DBE4772009CF20B /* Products */ = {
			isa = PBXGroup;
			children = (
				CF8042CC1DBE4772009CF20B /* MJDownloader.app */,
			);
			name = Products;
			sourceTree = "<group>";
		};
		CF8042CE1DBE4773009CF20B /* MJDownloader */ = {
			isa = PBXGroup;
			children = (
				CF8042EC1DBE47BD009CF20B /* DownloaderSource */,
				CF8042CF1DBE4773009CF20B /* AppDelegate.swift */,
				CF8042E11DBE47AC009CF20B /* Main.storyboard */,
				CF8042E41DBE47AC009CF20B /* MZAvailableDownloadsViewController.swift */,
				CF8042E21DBE47AC009CF20B /* MZDownloadManagerViewController.swift */,
				CF8042E31DBE47AC009CF20B /* MZDownloadedViewController.swift */,
				CF8042E51DBE47AC009CF20B /* MZDownloadingCell.swift */,
				CF8042D61DBE4773009CF20B /* Assets.xcassets */,
				CF8042D81DBE4773009CF20B /* LaunchScreen.storyboard */,
				CF8042DB1DBE4773009CF20B /* Info.plist */,
			);
			path = MJDownloader;
			sourceTree = "<group>";
		};
		CF8042EC1DBE47BD009CF20B /* DownloaderSource */ = {
			isa = PBXGroup;
			children = (
				CF8042ED1DBE47E4009CF20B /* MZDownloadManager.swift */,
				CF8042EE1DBE47E4009CF20B /* MZDownloadModel.swift */,
				CF8042EF1DBE47E4009CF20B /* MZUtility.swift */,
			);
			name = DownloaderSource;
			sourceTree = "<group>";
		};
/* End PBXGroup section */

/* Begin PBXNativeTarget section */
		CF8042CB1DBE4772009CF20B /* MJDownloader */ = {
			isa = PBXNativeTarget;
			buildConfigurationList = CF8042DE1DBE4773009CF20B /* Build configuration list for PBXNativeTarget "MJDownloader" */;
			buildPhases = (
				CF8042C81DBE4772009CF20B /* Sources */,
				CF8042C91DBE4772009CF20B /* Frameworks */,
				CF8042CA1DBE4772009CF20B /* Resources */,
			);
			buildRules = (
			);
			dependencies = (
			);
			name = MJDownloader;
			productName = MJDownloader;
			productReference = CF8042CC1DBE4772009CF20B /* MJDownloader.app */;
			productType = "com.apple.product-type.application";
		};
/* End PBXNativeTarget section */

/* Begin PBXProject section */
		CF8042C41DBE4772009CF20B /* Project object */ = {
			isa = PBXProject;
			attributes = {
				LastSwiftUpdateCheck = 0800;
				LastUpgradeCheck = 0810;
				ORGANIZATIONNAME = Jaleel;
				TargetAttributes = {
					CF8042CB1DBE4772009CF20B = {
						CreatedOnToolsVersion = 8.0;
						DevelopmentTeam = ZYX29WV9KY;
						ProvisioningStyle = Automatic;
					};
				};
			};
			buildConfigurationList = CF8042C71DBE4772009CF20B /* Build configuration list for PBXProject "MJDownloader" */;
			compatibilityVersion = "Xcode 3.2";
			developmentRegion = English;
			hasScannedForEncodings = 0;
			knownRegions = (
				en,
				Base,
			);
			mainGroup = CF8042C31DBE4772009CF20B;
			productRefGroup = CF8042CD1DBE4772009CF20B /* Products */;
			projectDirPath = "";
			projectRoot = "";
			targets = (
				CF8042CB1DBE4772009CF20B /* MJDownloader */,
			);
		};
/* End PBXProject section */

/* Begin PBXResourcesBuildPhase section */
		CF8042CA1DBE4772009CF20B /* Resources */ = {
			isa = PBXResourcesBuildPhase;
			buildActionMask = 2147483647;
			files = (
				CF8042E61DBE47AC009CF20B /* Main.storyboard in Resources */,
				CF8042DA1DBE4773009CF20B /* LaunchScreen.storyboard in Resources */,
				CF8042D71DBE4773009CF20B /* Assets.xcassets in Resources */,
			);
			runOnlyForDeploymentPostprocessing = 0;
		};
/* End PBXResourcesBuildPhase section */

/* Begin PBXSourcesBuildPhase section */
		CF8042C81DBE4772009CF20B /* Sources */ = {
			isa = PBXSourcesBuildPhase;
			buildActionMask = 2147483647;
			files = (
				CF8042F01DBE47E4009CF20B /* MZDownloadManager.swift in Sources */,
				CF8042D01DBE4773009CF20B /* AppDelegate.swift in Sources */,
				CF8042E91DBE47AC009CF20B /* MZAvailableDownloadsViewController.swift in Sources */,
				CF8042E71DBE47AC009CF20B /* MZDownloadManagerViewController.swift in Sources */,
				CF8042EA1DBE47AC009CF20B /* MZDownloadingCell.swift in Sources */,
				CF8042F21DBE47E4009CF20B /* MZUtility.swift in Sources */,
				CF8042F11DBE47E4009CF20B /* MZDownloadModel.swift in Sources */,
				CF8042E81DBE47AC009CF20B /* MZDownloadedViewController.swift in Sources */,
			);
			runOnlyForDeploymentPostprocessing = 0;
		};
/* End PBXSourcesBuildPhase section */

/* Begin PBXVariantGroup section */
		CF8042D81DBE4773009CF20B /* LaunchScreen.storyboard */ = {
			isa = PBXVariantGroup;
			children = (
				CF8042D91DBE4773009CF20B /* Base */,
			);
			name = LaunchScreen.storyboard;
			sourceTree = "<group>";
		};
/* End PBXVariantGroup section */

/* Begin XCBuildConfiguration section */
		CF8042DC1DBE4773009CF20B /* Debug */ = {
			isa = XCBuildConfiguration;
			buildSettings = {
				ALWAYS_SEARCH_USER_PATHS = NO;
				CLANG_ANALYZER_NONNULL = YES;
				CLANG_CXX_LANGUAGE_STANDARD = "gnu++0x";
				CLANG_CXX_LIBRARY = "libc++";
				CLANG_ENABLE_MODULES = YES;
				CLANG_ENABLE_OBJC_ARC = YES;
				CLANG_WARN_BOOL_CONVERSION = YES;
				CLANG_WARN_CONSTANT_CONVERSION = YES;
				CLANG_WARN_DIRECT_OBJC_ISA_USAGE = YES_ERROR;
				CLANG_WARN_DOCUMENTATION_COMMENTS = YES;
				CLANG_WARN_EMPTY_BODY = YES;
				CLANG_WARN_ENUM_CONVERSION = YES;
				CLANG_WARN_INFINITE_RECURSION = YES;
				CLANG_WARN_INT_CONVERSION = YES;
				CLANG_WARN_OBJC_ROOT_CLASS = YES_ERROR;
				CLANG_WARN_SUSPICIOUS_MOVE = YES;
				CLANG_WARN_SUSPICIOUS_MOVES = YES;
				CLANG_WARN_UNREACHABLE_CODE = YES;
				CLANG_WARN__DUPLICATE_METHOD_MATCH = YES;
				"CODE_SIGN_IDENTITY[sdk=iphoneos*]" = "iPhone Developer";
				COPY_PHASE_STRIP = NO;
				DEBUG_INFORMATION_FORMAT = dwarf;
				ENABLE_STRICT_OBJC_MSGSEND = YES;
				ENABLE_TESTABILITY = YES;
				GCC_C_LANGUAGE_STANDARD = gnu99;
				GCC_DYNAMIC_NO_PIC = NO;
				GCC_NO_COMMON_BLOCKS = YES;
				GCC_OPTIMIZATION_LEVEL = 0;
				GCC_PREPROCESSOR_DEFINITIONS = (
					"DEBUG=1",
					"$(inherited)",
				);
				GCC_WARN_64_TO_32_BIT_CONVERSION = YES;
				GCC_WARN_ABOUT_RETURN_TYPE = YES_ERROR;
				GCC_WARN_UNDECLARED_SELECTOR = YES;
				GCC_WARN_UNINITIALIZED_AUTOS = YES_AGGRESSIVE;
				GCC_WARN_UNUSED_FUNCTION = YES;
				GCC_WARN_UNUSED_VARIABLE = YES;
				IPHONEOS_DEPLOYMENT_TARGET = 10.0;
				MTL_ENABLE_DEBUG_INFO = YES;
				ONLY_ACTIVE_ARCH = YES;
				SDKROOT = iphoneos;
				SWIFT_ACTIVE_COMPILATION_CONDITIONS = DEBUG;
				SWIFT_OPTIMIZATION_LEVEL = "-Onone";
				TARGETED_DEVICE_FAMILY = "1,2";
			};
			name = Debug;
		};
		CF8042DD1DBE4773009CF20B /* Release */ = {
			isa = XCBuildConfiguration;
			buildSettings = {
				ALWAYS_SEARCH_USER_PATHS = NO;
				CLANG_ANALYZER_NONNULL = YES;
				CLANG_CXX_LANGUAGE_STANDARD = "gnu++0x";
				CLANG_CXX_LIBRARY = "libc++";
				CLANG_ENABLE_MODULES = YES;
				CLANG_ENABLE_OBJC_ARC = YES;
				CLANG_WARN_BOOL_CONVERSION = YES;
				CLANG_WARN_CONSTANT_CONVERSION = YES;
				CLANG_WARN_DIRECT_OBJC_ISA_USAGE = YES_ERROR;
				CLANG_WARN_DOCUMENTATION_COMMENTS = YES;
				CLANG_WARN_EMPTY_BODY = YES;
				CLANG_WARN_ENUM_CONVERSION = YES;
				CLANG_WARN_INFINITE_RECURSION = YES;
				CLANG_WARN_INT_CONVERSION = YES;
				CLANG_WARN_OBJC_ROOT_CLASS = YES_ERROR;
				CLANG_WARN_SUSPICIOUS_MOVE = YES;
				CLANG_WARN_SUSPICIOUS_MOVES = YES;
				CLANG_WARN_UNREACHABLE_CODE = YES;
				CLANG_WARN__DUPLICATE_METHOD_MATCH = YES;
				"CODE_SIGN_IDENTITY[sdk=iphoneos*]" = "iPhone Developer";
				COPY_PHASE_STRIP = NO;
				DEBUG_INFORMATION_FORMAT = "dwarf-with-dsym";
				ENABLE_NS_ASSERTIONS = NO;
				ENABLE_STRICT_OBJC_MSGSEND = YES;
				GCC_C_LANGUAGE_STANDARD = gnu99;
				GCC_NO_COMMON_BLOCKS = YES;
				GCC_WARN_64_TO_32_BIT_CONVERSION = YES;
				GCC_WARN_ABOUT_RETURN_TYPE = YES_ERROR;
				GCC_WARN_UNDECLARED_SELECTOR = YES;
				GCC_WARN_UNINITIALIZED_AUTOS = YES_AGGRESSIVE;
				GCC_WARN_UNUSED_FUNCTION = YES;
				GCC_WARN_UNUSED_VARIABLE = YES;
				IPHONEOS_DEPLOYMENT_TARGET = 10.0;
				MTL_ENABLE_DEBUG_INFO = NO;
				SDKROOT = iphoneos;
				SWIFT_OPTIMIZATION_LEVEL = "-Owholemodule";
				TARGETED_DEVICE_FAMILY = "1,2";
				VALIDATE_PRODUCT = YES;
			};
			name = Release;
		};
		CF8042DF1DBE4773009CF20B /* Debug */ = {
			isa = XCBuildConfiguration;
			buildSettings = {
				ASSETCATALOG_COMPILER_APPICON_NAME = AppIcon;
				DEVELOPMENT_TEAM = ZYX29WV9KY;
				INFOPLIST_FILE = MJDownloader/Info.plist;
				LD_RUNPATH_SEARCH_PATHS = "$(inherited) @executable_path/Frameworks";
				PRODUCT_BUNDLE_IDENTIFIER = Jaleel.MJDownloader;
				PRODUCT_NAME = "$(TARGET_NAME)";
				SWIFT_VERSION = 3.0;
			};
			name = Debug;
		};
		CF8042E01DBE4773009CF20B /* Release */ = {
			isa = XCBuildConfiguration;
			buildSettings = {
				ASSETCATALOG_COMPILER_APPICON_NAME = AppIcon;
				DEVELOPMENT_TEAM = ZYX29WV9KY;
				INFOPLIST_FILE = MJDownloader/Info.plist;
				LD_RUNPATH_SEARCH_PATHS = "$(inherited) @executable_path/Frameworks";
				PRODUCT_BUNDLE_IDENTIFIER = Jaleel.MJDownloader;
				PRODUCT_NAME = "$(TARGET_NAME)";
				SWIFT_VERSION = 3.0;
			};
			name = Release;
		};
/* End XCBuildConfiguration section */

/* Begin XCConfigurationList section */
		CF8042C71DBE4772009CF20B /* Build configuration list for PBXProject "MJDownloader" */ = {
			isa = XCConfigurationList;
			buildConfigurations = (
				CF8042DC1DBE4773009CF20B /* Debug */,
				CF8042DD1DBE4773009CF20B /* Release */,
			);
			defaultConfigurationIsVisible = 0;
			defaultConfigurationName = Release;
		};
		CF8042DE1DBE4773009CF20B /* Build configuration list for PBXNativeTarget "MJDownloader" */ = {
			isa = XCConfigurationList;
			buildConfigurations = (
				CF8042DF1DBE4773009CF20B /* Debug */,
				CF8042E01DBE4773009CF20B /* Release */,
			);
			defaultConfigurationIsVisible = 0;
			defaultConfigurationName = Release;
		};
/* End XCConfigurationList section */
	};
	rootObject = CF8042C41DBE4772009CF20B /* Project object */;
}
